
Microsoft Visual Studio Solution File, Format Version 12.00
# Visual Studio Version 17
VisualStudioVersion = 17.0.31903.59
MinimumVisualStudioVersion = 10.0.40219.1
Project("{2150E333-8FDC-42A3-9474-1A3956D46DE8}") = "src", "src", "{827E0CD3-B72D-47B6-A68D-7590B98EB39B}"
EndProject
Project("{FAE04EC0-301F-11D3-BF4B-00C04F79EFBC}") = "TextFlow.Contracts", "src\TextFlow.Contracts\TextFlow.Contracts.csproj", "{FD201EEE-84DE-4E1F-919F-9F5EE085C0CF}"
EndProject
Project("{FAE04EC0-301F-11D3-BF4B-00C04F79EFBC}") = "TextFlow.Core", "src\TextFlow.Core\TextFlow.Core.csproj", "{84666627-C8E8-4A93-A488-F6DF7B3D2605}"
EndProject
Project("{FAE04EC0-301F-11D3-BF4B-00C04F79EFBC}") = "TextFlow.Infrastructure", "src\TextFlow.Infrastructure\TextFlow.Infrastructure.csproj", "{A0C4B954-57D1-47FA-BEB5-BB1F781D8FE9}"
EndProject
Project("{2150E333-8FDC-42A3-9474-1A3956D46DE8}") = "spikes", "spikes", "{674B3D0D-B3C1-BDFD-64ED-056E74CE37B3}"
EndProject
Project("{FAE04EC0-301F-11D3-BF4B-00C04F79EFBC}") = "TextFlow.Spikes", "spikes\TextFlow.Spikes\TextFlow.Spikes.csproj", "{D77D862F-B281-4437-84B6-DDDA4431213B}"
EndProject
Project("{2150E333-8FDC-42A3-9474-1A3956D46DE8}") = "tests", "tests", "{0AB3BF05-4346-4AA6-1389-037BE0695223}"
EndProject
Project("{FAE04EC0-301F-11D3-BF4B-00C04F79EFBC}") = "TextFlow.Core.Tests", "tests\TextFlow.Core.Tests\TextFlow.Core.Tests.csproj", "{46C57736-D0AD-465F-A5FB-50A34A9262DE}"
EndProject
Project("{FAE04EC0-301F-11D3-BF4B-00C04F79EFBC}") = "TextFlow.Infrastructure.Tests", "tests\TextFlow.Infrastructure.Tests\TextFlow.Infrastructure.Tests.csproj", "{85CCE992-9F88-463D-9685-EA765E43706B}"
EndProject
Global
	GlobalSection(SolutionConfigurationPlatforms) = preSolution
		Debug|Any CPU = Debug|Any CPU
		Debug|x64 = Debug|x64
		Debug|x86 = Debug|x86
		Release|Any CPU = Release|Any CPU
		Release|x64 = Release|x64
		Release|x86 = Release|x86
	EndGlobalSection
	GlobalSection(ProjectConfigurationPlatforms) = postSolution
		{FD201EEE-84DE-4E1F-919F-9F5EE085C0CF}.Debug|Any CPU.ActiveCfg = Debug|Any CPU
		{FD201EEE-84DE-4E1F-919F-9F5EE085C0CF}.Debug|Any CPU.Build.0 = Debug|Any CPU
		{FD201EEE-84DE-4E1F-919F-9F5EE085C0CF}.Debug|x64.ActiveCfg = Debug|Any CPU
		{FD201EEE-84DE-4E1F-919F-9F5EE085C0CF}.Debug|x64.Build.0 = Debug|Any CPU
		{FD201EEE-84DE-4E1F-919F-9F5EE085C0CF}.Debug|x86.ActiveCfg = Debug|Any CPU
		{FD201EEE-84DE-4E1F-919F-9F5EE085C0CF}.Debug|x86.Build.0 = Debug|Any CPU
		{FD201EEE-84DE-4E1F-919F-9F5EE085C0CF}.Release|Any CPU.ActiveCfg = Release|Any CPU
		{FD201EEE-84DE-4E1F-919F-9F5EE085C0CF}.Release|Any CPU.Build.0 = Release|Any CPU
		{FD201EEE-84DE-4E1F-919F-9F5EE085C0CF}.Release|x64.ActiveCfg = Release|Any CPU
		{FD201EEE-84DE-4E1F-919F-9F5EE085C0CF}.Release|x64.Build.0 = Release|Any CPU
		{FD201EEE-84DE-4E1F-919F-9F5EE085C0CF}.Release|x86.ActiveCfg = Release|Any CPU
		{FD201EEE-84DE-4E1F-919F-9F5EE085C0CF}.Release|x86.Build.0 = Release|Any CPU
		{84666627-C8E8-4A93-A488-F6DF7B3D2605}.Debug|Any CPU.ActiveCfg = Debug|Any CPU
		{84666627-C8E8-4A93-A488-F6DF7B3D2605}.Debug|Any CPU.Build.0 = Debug|Any CPU
		{84666627-C8E8-4A93-A488-F6DF7B3D2605}.Debug|x64.ActiveCfg = Debug|Any CPU
		{84666627-C8E8-4A93-A488-F6DF7B3D2605}.Debug|x64.Build.0 = Debug|Any CPU
		{84666627-C8E8-4A93-A488-F6DF7B3D2605}.Debug|x86.ActiveCfg = Debug|Any CPU
		{84666627-C8E8-4A93-A488-F6DF7B3D2605}.Debug|x86.Build.0 = Debug|Any CPU
		{84666627-C8E8-4A93-A488-F6DF7B3D2605}.Release|Any CPU.ActiveCfg = Release|Any CPU
		{84666627-C8E8-4A93-A488-F6DF7B3D2605}.Release|Any CPU.Build.0 = Release|Any CPU
		{84666627-C8E8-4A93-A488-F6DF7B3D2605}.Release|x64.ActiveCfg = Release|Any CPU
		{84666627-C8E8-4A93-A488-F6DF7B3D2605}.Release|x64.Build.0 = Release|Any CPU
		{84666627-C8E8-4A93-A488-F6DF7B3D2605}.Release|x86.ActiveCfg = Release|Any CPU
		{84666627-C8E8-4A93-A488-F6DF7B3D2605}.Release|x86.Build.0 = Release|Any CPU
		{A0C4B954-57D1-47FA-BEB5-BB1F781D8FE9}.Debug|Any CPU.ActiveCfg = Debug|Any CPU
		{A0C4B954-57D1-47FA-BEB5-BB1F781D8FE9}.Debug|Any CPU.Build.0 = Debug|Any CPU
		{A0C4B954-57D1-47FA-BEB5-BB1F781D8FE9}.Debug|x64.ActiveCfg = Debug|Any CPU
		{A0C4B954-57D1-47FA-BEB5-BB1F781D8FE9}.Debug|x64.Build.0 = Debug|Any CPU
		{A0C4B954-57D1-47FA-BEB5-BB1F781D8FE9}.Debug|x86.ActiveCfg = Debug|Any CPU
		{A0C4B954-57D1-47FA-BEB5-BB1F781D8FE9}.Debug|x86.Build.0 = Debug|Any CPU
		{A0C4B954-57D1-47FA-BEB5-BB1F781D8FE9}.Release|Any CPU.ActiveCfg = Release|Any CPU
		{A0C4B954-57D1-47FA-BEB5-BB1F781D8FE9}.Release|Any CPU.Build.0 = Release|Any CPU
		{A0C4B954-57D1-47FA-BEB5-BB1F781D8FE9}.Release|x64.ActiveCfg = Release|Any CPU
		{A0C4B954-57D1-47FA-BEB5-BB1F781D8FE9}.Release|x64.Build.0 = Release|Any CPU
		{A0C4B954-57D1-47FA-BEB5-BB1F781D8FE9}.Release|x86.ActiveCfg = Release|Any CPU
		{A0C4B954-57D1-47FA-BEB5-BB1F781D8FE9}.Release|x86.Build.0 = Release|Any CPU
		{D77D862F-B281-4437-84B6-DDDA4431213B}.Debug|Any CPU.ActiveCfg = Debug|Any CPU
		{D77D862F-B281-4437-84B6-DDDA4431213B}.Debug|Any CPU.Build.0 = Debug|Any CPU
		{D77D862F-B281-4437-84B6-DDDA4431213B}.Debug|x64.ActiveCfg = Debug|Any CPU
		{D77D862F-B281-4437-84B6-DDDA4431213B}.Debug|x64.Build.0 = Debug|Any CPU
		{D77D862F-B281-4437-84B6-DDDA4431213B}.Debug|x86.ActiveCfg = Debug|Any CPU
		{D77D862F-B281-4437-84B6-DDDA4431213B}.Debug|x86.Build.0 = Debug|Any CPU
		{D77D862F-B281-4437-84B6-DDDA4431213B}.Release|Any CPU.ActiveCfg = Release|Any CPU
		{D77D862F-B281-4437-84B6-DDDA4431213B}.Release|Any CPU.Build.0 = Release|Any CPU
		{D77D862F-B281-4437-84B6-DDDA4431213B}.Release|x64.ActiveCfg = Release|Any CPU
		{D77D862F-B281-4437-84B6-DDDA4431213B}.Release|x64.Build.0 = Release|Any CPU
		{D77D862F-B281-4437-84B6-DDDA4431213B}.Release|x86.ActiveCfg = Release|Any CPU
		{D77D862F-B281-4437-84B6-DDDA4431213B}.Release|x86.Build.0 = Release|Any CPU
		{46C57736-D0AD-465F-A5FB-50A34A9262DE}.Debug|Any CPU.ActiveCfg = Debug|Any CPU
		{46C57736-D0AD-465F-A5FB-50A34A9262DE}.Debug|Any CPU.Build.0 = Debug|Any CPU
		{46C57736-D0AD-465F-A5FB-50A34A9262DE}.Debug|x64.ActiveCfg = Debug|Any CPU
		{46C57736-D0AD-465F-A5FB-50A34A9262DE}.Debug|x64.Build.0 = Debug|Any CPU
		{46C57736-D0AD-465F-A5FB-50A34A9262DE}.Debug|x86.ActiveCfg = Debug|Any CPU
		{46C57736-D0AD-465F-A5FB-50A34A9262DE}.Debug|x86.Build.0 = Debug|Any CPU
		{46C57736-D0AD-465F-A5FB-50A34A9262DE}.Release|Any CPU.ActiveCfg = Release|Any CPU
		{46C57736-D0AD-465F-A5FB-50A34A9262DE}.Release|Any CPU.Build.0 = Release|Any CPU
		{46C57736-D0AD-465F-A5FB-50A34A9262DE}.Release|x64.ActiveCfg = Release|Any CPU
		{46C57736-D0AD-465F-A5FB-50A34A9262DE}.Release|x64.Build.0 = Release|Any CPU
		{46C57736-D0AD-465F-A5FB-50A34A9262DE}.Release|x86.ActiveCfg = Release|Any CPU
		{46C57736-D0AD-465F-A5FB-50A34A9262DE}.Release|x86.Build.0 = Release|Any CPU
		{85CCE992-9F88-463D-9685-EA765E43706B}.Debug|Any CPU.ActiveCfg = Debug|Any CPU
		{85CCE992-9F88-463D-9685-EA765E43706B}.Debug|Any CPU.Build.0 = Debug|Any CPU
		{85CCE992-9F88-463D-9685-EA765E43706B}.Debug|x64.ActiveCfg = Debug|Any CPU
		{85CCE992-9F88-463D-9685-EA765E43706B}.Debug|x64.Build.0 = Debug|Any CPU
		{85CCE992-9F88-463D-9685-EA765E43706B}.Debug|x86.ActiveCfg = Debug|Any CPU
		{85CCE992-9F88-463D-9685-EA765E43706B}.Debug|x86.Build.0 = Debug|Any CPU
		{85CCE992-9F88-463D-9685-EA765E43706B}.Release|Any CPU.ActiveCfg = Release|Any CPU
		{85CCE992-9F88-463D-9685-EA765E43706B}.Release|Any CPU.Build.0 = Release|Any CPU
		{85CCE992-9F88-463D-9685-EA765E43706B}.Release|x64.ActiveCfg = Release|Any CPU
		{85CCE992-9F88-463D-9685-EA765E43706B}.Release|x64.Build.0 = Release|Any CPU
		{85CCE992-9F88-463D-9685-EA765E43706B}.Release|x86.ActiveCfg = Release|Any CPU
		{85CCE992-9F88-463D-9685-EA765E43706B}.Release|x86.Build.0 = Release|Any CPU
	EndGlobalSection
	GlobalSection(SolutionProperties) = preSolution
		HideSolutionNode = FALSE
	EndGlobalSection
	GlobalSection(NestedProjects) = preSolution
		{FD201EEE-84DE-4E1F-919F-9F5EE085C0CF} = {827E0CD3-B72D-47B6-A68D-7590B98EB39B}
		{84666627-C8E8-4A93-A488-F6DF7B3D2605} = {827E0CD3-B72D-47B6-A68D-7590B98EB39B}
		{A0C4B954-57D1-47FA-BEB5-BB1F781D8FE9} = {827E0CD3-B72D-47B6-A68D-7590B98EB39B}
		{D77D862F-B281-4437-84B6-DDDA4431213B} = {674B3D0D-B3C1-BDFD-64ED-056E74CE37B3}
		{46C57736-D0AD-465F-A5FB-50A34A9262DE} = {0AB3BF05-4346-4AA6-1389-037BE0695223}
		{85CCE992-9F88-463D-9685-EA765E43706B} = {0AB3BF05-4346-4AA6-1389-037BE0695223}
	EndGlobalSection
EndGlobal
